
Microsoft Visual Studio Solution File, Format Version 12.00
# Visual Studio 15
VisualStudioVersion = 15.0.27703.2047
MinimumVisualStudioVersion = 10.0.40219.1
Project("{FAE04EC0-301F-11D3-BF4B-00C04F79EFBC}") = "Greenbook.WPF", "Greenbook.WPF\Greenbook.WPF.csproj", "{8EA511F2-2011-477F-948D-472335F81E52}"
EndProject
Project("{FAE04EC0-301F-11D3-BF4B-00C04F79EFBC}") = "Greenbook.Entities", "Greenbook.Entities\Greenbook.Entities.csproj", "{4BA04B68-38C6-49C9-8C3D-B2D2E0FD6A87}"
EndProject
Project("{FAE04EC0-301F-11D3-BF4B-00C04F79EFBC}") = "Greenbook.EntitiesTests", "Greenbook.EntitiesTests\Greenbook.EntitiesTests.csproj", "{6E416758-C6D0-4EC9-9892-2BE7AC74EE65}"
EndProject
Project("{FAE04EC0-301F-11D3-BF4B-00C04F79EFBC}") = "Greenbook.RandomTools", "Greenbook.RandomTools\Greenbook.RandomTools.csproj", "{6F379CD3-F4F1-451B-88E0-8C2EAEA6BAE5}"
EndProject
Project("{FAE04EC0-301F-11D3-BF4B-00C04F79EFBC}") = "Greenbook.Domain", "Greenbook.Domain\Greenbook.Domain.csproj", "{3D009133-5B25-4B32-89A9-99C9F708E0F5}"
EndProject
Project("{FAE04EC0-301F-11D3-BF4B-00C04F79EFBC}") = "Greenbook.ContentItems", "Greenbook.ContentItems\Greenbook.ContentItems.csproj", "{37A7BFE7-FEBD-4A95-8C39-AADC3CA9B75D}"
EndProject
Project("{FAE04EC0-301F-11D3-BF4B-00C04F79EFBC}") = "Greenbook.Application", "Greenbook.Application\Greenbook.Application.csproj", "{E496F70C-DB13-4304-987F-301313A3577F}"
EndProject
Project("{FAE04EC0-301F-11D3-BF4B-00C04F79EFBC}") = "Greenbook.AhoCorasickTrie", "Greenbook.AhoCorasickTrie\Greenbook.AhoCorasickTrie.csproj", "{DB538444-BF19-4DA3-8142-CBCED2171E28}"
EndProject
Project("{FAE04EC0-301F-11D3-BF4B-00C04F79EFBC}") = "Greenbook.Sessions", "Greenbook.Sessions\Greenbook.Sessions.csproj", "{1018F476-24AF-4860-AEAA-6FD8EF6BC675}"
EndProject
Project("{2150E333-8FDC-42A3-9474-1A3956D46DE8}") = "Foundation", "Foundation", "{097C85E9-53EA-4698-82B0-EEB80DA93971}"
EndProject
Project("{2150E333-8FDC-42A3-9474-1A3956D46DE8}") = "Feature", "Feature", "{0BBD69F6-22EC-44DC-BA6B-2C170B6D38EC}"
EndProject
Project("{2150E333-8FDC-42A3-9474-1A3956D46DE8}") = "Project", "Project", "{8D7350B3-AD4D-405F-A859-E2B3F538CE70}"
EndProject
Project("{FAE04EC0-301F-11D3-BF4B-00C04F79EFBC}") = "Greenbook.Extensions", "Greenbook.Extensions\Greenbook.Extensions.csproj", "{C999D850-6918-4CD3-9B4F-28FEC835D2BD}"
EndProject
Project("{FAE04EC0-301F-11D3-BF4B-00C04F79EFBC}") = "Greenbook.Data", "Greenbook.Data\Greenbook.Data.csproj", "{B102AC2D-0678-4707-B4F9-A65571E965E4}"
EndProject
Project("{FAE04EC0-301F-11D3-BF4B-00C04F79EFBC}") = "Greenbook.ContentItemTypes", "Greenbook.ContentItemTypes\Greenbook.ContentItemTypes.csproj", "{2ABA6E10-AC53-44F5-AA85-03CEC840EEDC}"
EndProject
Global
	GlobalSection(SolutionConfigurationPlatforms) = preSolution
		Debug|Any CPU = Debug|Any CPU
		Release|Any CPU = Release|Any CPU
	EndGlobalSection
	GlobalSection(ProjectConfigurationPlatforms) = postSolution
		{8EA511F2-2011-477F-948D-472335F81E52}.Debug|Any CPU.ActiveCfg = Debug|Any CPU
		{8EA511F2-2011-477F-948D-472335F81E52}.Debug|Any CPU.Build.0 = Debug|Any CPU
		{8EA511F2-2011-477F-948D-472335F81E52}.Release|Any CPU.ActiveCfg = Release|Any CPU
		{8EA511F2-2011-477F-948D-472335F81E52}.Release|Any CPU.Build.0 = Release|Any CPU
		{4BA04B68-38C6-49C9-8C3D-B2D2E0FD6A87}.Debug|Any CPU.ActiveCfg = Debug|Any CPU
		{4BA04B68-38C6-49C9-8C3D-B2D2E0FD6A87}.Debug|Any CPU.Build.0 = Debug|Any CPU
		{4BA04B68-38C6-49C9-8C3D-B2D2E0FD6A87}.Release|Any CPU.ActiveCfg = Release|Any CPU
		{4BA04B68-38C6-49C9-8C3D-B2D2E0FD6A87}.Release|Any CPU.Build.0 = Release|Any CPU
		{6E416758-C6D0-4EC9-9892-2BE7AC74EE65}.Debug|Any CPU.ActiveCfg = Debug|Any CPU
		{6E416758-C6D0-4EC9-9892-2BE7AC74EE65}.Debug|Any CPU.Build.0 = Debug|Any CPU
		{6E416758-C6D0-4EC9-9892-2BE7AC74EE65}.Release|Any CPU.ActiveCfg = Release|Any CPU
		{6E416758-C6D0-4EC9-9892-2BE7AC74EE65}.Release|Any CPU.Build.0 = Release|Any CPU
		{6F379CD3-F4F1-451B-88E0-8C2EAEA6BAE5}.Debug|Any CPU.ActiveCfg = Debug|Any CPU
		{6F379CD3-F4F1-451B-88E0-8C2EAEA6BAE5}.Debug|Any CPU.Build.0 = Debug|Any CPU
		{6F379CD3-F4F1-451B-88E0-8C2EAEA6BAE5}.Release|Any CPU.ActiveCfg = Release|Any CPU
		{6F379CD3-F4F1-451B-88E0-8C2EAEA6BAE5}.Release|Any CPU.Build.0 = Release|Any CPU
		{3D009133-5B25-4B32-89A9-99C9F708E0F5}.Debug|Any CPU.ActiveCfg = Debug|Any CPU
		{3D009133-5B25-4B32-89A9-99C9F708E0F5}.Debug|Any CPU.Build.0 = Debug|Any CPU
		{3D009133-5B25-4B32-89A9-99C9F708E0F5}.Release|Any CPU.ActiveCfg = Release|Any CPU
		{3D009133-5B25-4B32-89A9-99C9F708E0F5}.Release|Any CPU.Build.0 = Release|Any CPU
		{37A7BFE7-FEBD-4A95-8C39-AADC3CA9B75D}.Debug|Any CPU.ActiveCfg = Debug|Any CPU
		{37A7BFE7-FEBD-4A95-8C39-AADC3CA9B75D}.Debug|Any CPU.Build.0 = Debug|Any CPU
		{37A7BFE7-FEBD-4A95-8C39-AADC3CA9B75D}.Release|Any CPU.ActiveCfg = Release|Any CPU
		{37A7BFE7-FEBD-4A95-8C39-AADC3CA9B75D}.Release|Any CPU.Build.0 = Release|Any CPU
		{E496F70C-DB13-4304-987F-301313A3577F}.Debug|Any CPU.ActiveCfg = Debug|Any CPU
		{E496F70C-DB13-4304-987F-301313A3577F}.Debug|Any CPU.Build.0 = Debug|Any CPU
		{E496F70C-DB13-4304-987F-301313A3577F}.Release|Any CPU.ActiveCfg = Release|Any CPU
		{E496F70C-DB13-4304-987F-301313A3577F}.Release|Any CPU.Build.0 = Release|Any CPU
		{DB538444-BF19-4DA3-8142-CBCED2171E28}.Debug|Any CPU.ActiveCfg = Debug|Any CPU
		{DB538444-BF19-4DA3-8142-CBCED2171E28}.Debug|Any CPU.Build.0 = Debug|Any CPU
		{DB538444-BF19-4DA3-8142-CBCED2171E28}.Release|Any CPU.ActiveCfg = Release|Any CPU
		{DB538444-BF19-4DA3-8142-CBCED2171E28}.Release|Any CPU.Build.0 = Release|Any CPU
		{1018F476-24AF-4860-AEAA-6FD8EF6BC675}.Debug|Any CPU.ActiveCfg = Debug|Any CPU
		{1018F476-24AF-4860-AEAA-6FD8EF6BC675}.Debug|Any CPU.Build.0 = Debug|Any CPU
		{1018F476-24AF-4860-AEAA-6FD8EF6BC675}.Release|Any CPU.ActiveCfg = Release|Any CPU
		{1018F476-24AF-4860-AEAA-6FD8EF6BC675}.Release|Any CPU.Build.0 = Release|Any CPU
		{C999D850-6918-4CD3-9B4F-28FEC835D2BD}.Debug|Any CPU.ActiveCfg = Debug|Any CPU
		{C999D850-6918-4CD3-9B4F-28FEC835D2BD}.Debug|Any CPU.Build.0 = Debug|Any CPU
		{C999D850-6918-4CD3-9B4F-28FEC835D2BD}.Release|Any CPU.ActiveCfg = Release|Any CPU
		{C999D850-6918-4CD3-9B4F-28FEC835D2BD}.Release|Any CPU.Build.0 = Release|Any CPU
		{B102AC2D-0678-4707-B4F9-A65571E965E4}.Debug|Any CPU.ActiveCfg = Debug|Any CPU
		{B102AC2D-0678-4707-B4F9-A65571E965E4}.Debug|Any CPU.Build.0 = Debug|Any CPU
		{B102AC2D-0678-4707-B4F9-A65571E965E4}.Release|Any CPU.ActiveCfg = Release|Any CPU
		{B102AC2D-0678-4707-B4F9-A65571E965E4}.Release|Any CPU.Build.0 = Release|Any CPU
		{2ABA6E10-AC53-44F5-AA85-03CEC840EEDC}.Debug|Any CPU.ActiveCfg = Debug|Any CPU
		{2ABA6E10-AC53-44F5-AA85-03CEC840EEDC}.Debug|Any CPU.Build.0 = Debug|Any CPU
		{2ABA6E10-AC53-44F5-AA85-03CEC840EEDC}.Release|Any CPU.ActiveCfg = Release|Any CPU
		{2ABA6E10-AC53-44F5-AA85-03CEC840EEDC}.Release|Any CPU.Build.0 = Release|Any CPU
	EndGlobalSection
	GlobalSection(SolutionProperties) = preSolution
		HideSolutionNode = FALSE
	EndGlobalSection
	GlobalSection(NestedProjects) = preSolution
		{8EA511F2-2011-477F-948D-472335F81E52} = {8D7350B3-AD4D-405F-A859-E2B3F538CE70}
		{4BA04B68-38C6-49C9-8C3D-B2D2E0FD6A87} = {097C85E9-53EA-4698-82B0-EEB80DA93971}
		{6E416758-C6D0-4EC9-9892-2BE7AC74EE65} = {097C85E9-53EA-4698-82B0-EEB80DA93971}
		{6F379CD3-F4F1-451B-88E0-8C2EAEA6BAE5} = {0BBD69F6-22EC-44DC-BA6B-2C170B6D38EC}
		{3D009133-5B25-4B32-89A9-99C9F708E0F5} = {097C85E9-53EA-4698-82B0-EEB80DA93971}
		{37A7BFE7-FEBD-4A95-8C39-AADC3CA9B75D} = {0BBD69F6-22EC-44DC-BA6B-2C170B6D38EC}
		{E496F70C-DB13-4304-987F-301313A3577F} = {0BBD69F6-22EC-44DC-BA6B-2C170B6D38EC}
		{DB538444-BF19-4DA3-8142-CBCED2171E28} = {097C85E9-53EA-4698-82B0-EEB80DA93971}
		{1018F476-24AF-4860-AEAA-6FD8EF6BC675} = {0BBD69F6-22EC-44DC-BA6B-2C170B6D38EC}
		{C999D850-6918-4CD3-9B4F-28FEC835D2BD} = {097C85E9-53EA-4698-82B0-EEB80DA93971}
		{B102AC2D-0678-4707-B4F9-A65571E965E4} = {0BBD69F6-22EC-44DC-BA6B-2C170B6D38EC}
		{2ABA6E10-AC53-44F5-AA85-03CEC840EEDC} = {0BBD69F6-22EC-44DC-BA6B-2C170B6D38EC}
	EndGlobalSection
	GlobalSection(ExtensibilityGlobals) = postSolution
		SolutionGuid = {2989585A-AD9D-4732-82A6-4D76C4943DBE}
		EnterpriseLibraryConfigurationToolBinariesPathV6 = packages\EnterpriseLibrary.Common.6.0.1304.0\lib\NET45
	EndGlobalSection
EndGlobal
