
Microsoft Visual Studio Solution File, Format Version 12.00
# Visual Studio 15
VisualStudioVersion = 15.0.27703.2047
MinimumVisualStudioVersion = 10.0.40219.1
Project("{FAE04EC0-301F-11D3-BF4B-00C04F79EFBC}") = "Greenbook.WPF", "Greenbook.WPF\Greenbook.WPF.csproj", "{8EA511F2-2011-477F-948D-472335F81E52}"
EndProject
Project("{FAE04EC0-301F-11D3-BF4B-00C04F79EFBC}") = "Greenbook.Entities", "Greenbook.Entities\Greenbook.Entities.csproj", "{4BA04B68-38C6-49C9-8C3D-B2D2E0FD6A87}"
EndProject
Project("{FAE04EC0-301F-11D3-BF4B-00C04F79EFBC}") = "Greenbook.Services", "Greenbook.Services\Greenbook.Services.csproj", "{E50997BA-7DD5-4127-A10C-740D118AE00D}"
EndProject
Project("{FAE04EC0-301F-11D3-BF4B-00C04F79EFBC}") = "Greenbook.EntitiesTests", "Greenbook.EntitiesTests\Greenbook.EntitiesTests.csproj", "{6E416758-C6D0-4EC9-9892-2BE7AC74EE65}"
EndProject
Global
	GlobalSection(SolutionConfigurationPlatforms) = preSolution
		Debug|Any CPU = Debug|Any CPU
		Release|Any CPU = Release|Any CPU
	EndGlobalSection
	GlobalSection(ProjectConfigurationPlatforms) = postSolution
		{8EA511F2-2011-477F-948D-472335F81E52}.Debug|Any CPU.ActiveCfg = Debug|Any CPU
		{8EA511F2-2011-477F-948D-472335F81E52}.Debug|Any CPU.Build.0 = Debug|Any CPU
		{8EA511F2-2011-477F-948D-472335F81E52}.Release|Any CPU.ActiveCfg = Release|Any CPU
		{8EA511F2-2011-477F-948D-472335F81E52}.Release|Any CPU.Build.0 = Release|Any CPU
		{4BA04B68-38C6-49C9-8C3D-B2D2E0FD6A87}.Debug|Any CPU.ActiveCfg = Debug|Any CPU
		{4BA04B68-38C6-49C9-8C3D-B2D2E0FD6A87}.Debug|Any CPU.Build.0 = Debug|Any CPU
		{4BA04B68-38C6-49C9-8C3D-B2D2E0FD6A87}.Release|Any CPU.ActiveCfg = Release|Any CPU
		{4BA04B68-38C6-49C9-8C3D-B2D2E0FD6A87}.Release|Any CPU.Build.0 = Release|Any CPU
		{E50997BA-7DD5-4127-A10C-740D118AE00D}.Debug|Any CPU.ActiveCfg = Debug|Any CPU
		{E50997BA-7DD5-4127-A10C-740D118AE00D}.Debug|Any CPU.Build.0 = Debug|Any CPU
		{E50997BA-7DD5-4127-A10C-740D118AE00D}.Release|Any CPU.ActiveCfg = Release|Any CPU
		{E50997BA-7DD5-4127-A10C-740D118AE00D}.Release|Any CPU.Build.0 = Release|Any CPU
		{6E416758-C6D0-4EC9-9892-2BE7AC74EE65}.Debug|Any CPU.ActiveCfg = Debug|Any CPU
		{6E416758-C6D0-4EC9-9892-2BE7AC74EE65}.Debug|Any CPU.Build.0 = Debug|Any CPU
		{6E416758-C6D0-4EC9-9892-2BE7AC74EE65}.Release|Any CPU.ActiveCfg = Release|Any CPU
		{6E416758-C6D0-4EC9-9892-2BE7AC74EE65}.Release|Any CPU.Build.0 = Release|Any CPU
	EndGlobalSection
	GlobalSection(SolutionProperties) = preSolution
		HideSolutionNode = FALSE
	EndGlobalSection
	GlobalSection(ExtensibilityGlobals) = postSolution
		SolutionGuid = {2989585A-AD9D-4732-82A6-4D76C4943DBE}
		EnterpriseLibraryConfigurationToolBinariesPathV6 = packages\EnterpriseLibrary.Common.6.0.1304.0\lib\NET45
	EndGlobalSection
EndGlobal
